
Microsoft Visual Studio Solution File, Format Version 12.00
# Visual Studio Version 17
VisualStudioVersion = 17.4.33015.44
MinimumVisualStudioVersion = 10.0.40219.1
Project("{FAE04EC0-301F-11D3-BF4B-00C04F79EFBC}") = "DivHelper", "DivHelper.csproj", "{101E9438-EC51-45FA-8563-F86D46408EE9}"
EndProject
Global
	GlobalSection(SolutionConfigurationPlatforms) = preSolution
		Debug|Any CPU = Debug|Any CPU
		Release|Any CPU = Release|Any CPU
	EndGlobalSection
	GlobalSection(ProjectConfigurationPlatforms) = postSolution
		{101E9438-EC51-45FA-8563-F86D46408EE9}.Debug|Any CPU.ActiveCfg = Debug|Any CPU
		{101E9438-EC51-45FA-8563-F86D46408EE9}.Debug|Any CPU.Build.0 = Debug|Any CPU
		{101E9438-EC51-45FA-8563-F86D46408EE9}.Release|Any CPU.ActiveCfg = Release|Any CPU
		{101E9438-EC51-45FA-8563-F86D46408EE9}.Release|Any CPU.Build.0 = Release|Any CPU
	EndGlobalSection
	GlobalSection(SolutionProperties) = preSolution
		HideSolutionNode = FALSE
	EndGlobalSection
	GlobalSection(ExtensibilityGlobals) = postSolution
		SolutionGuid = {7B777A49-3F62-4E04-B053-CE2E6584C351}
	EndGlobalSection
EndGlobal
